// !$*UTF8*$!
{
	archiveVersion = 1;
	classes = {
	};
	objectVersion = 50;
	objects = {

/* Begin PBXBuildFile section */
		EF628A8825918DAE001665A3 /* NewView.swift in Sources */ = {isa = PBXBuildFile; fileRef = EF628A8725918DAE001665A3 /* NewView.swift */; };
		EF628A8925918DAE001665A3 /* NewView.swift in Sources */ = {isa = PBXBuildFile; fileRef = EF628A8725918DAE001665A3 /* NewView.swift */; };
		EF80FB9725901DCE00825E1E /* ParrotApp.swift in Sources */ = {isa = PBXBuildFile; fileRef = EF80FB8425901DCC00825E1E /* ParrotApp.swift */; };
		EF80FB9825901DCE00825E1E /* ParrotApp.swift in Sources */ = {isa = PBXBuildFile; fileRef = EF80FB8425901DCC00825E1E /* ParrotApp.swift */; };
		EF80FB9925901DCE00825E1E /* ContentView.swift in Sources */ = {isa = PBXBuildFile; fileRef = EF80FB8525901DCC00825E1E /* ContentView.swift */; };
		EF80FB9A25901DCE00825E1E /* ContentView.swift in Sources */ = {isa = PBXBuildFile; fileRef = EF80FB8525901DCC00825E1E /* ContentView.swift */; };
		EF80FB9B25901DCE00825E1E /* Assets.xcassets in Resources */ = {isa = PBXBuildFile; fileRef = EF80FB8625901DCE00825E1E /* Assets.xcassets */; };
		EF80FB9C25901DCE00825E1E /* Assets.xcassets in Resources */ = {isa = PBXBuildFile; fileRef = EF80FB8625901DCE00825E1E /* Assets.xcassets */; };
/* End PBXBuildFile section */

/* Begin PBXFileReference section */
		EF628A8725918DAE001665A3 /* NewView.swift */ = {isa = PBXFileReference; lastKnownFileType = sourcecode.swift; path = NewView.swift; sourceTree = "<group>"; };
		EF80FB8425901DCC00825E1E /* ParrotApp.swift */ = {isa = PBXFileReference; lastKnownFileType = sourcecode.swift; path = ParrotApp.swift; sourceTree = "<group>"; };
		EF80FB8525901DCC00825E1E /* ContentView.swift */ = {isa = PBXFileReference; lastKnownFileType = sourcecode.swift; path = ContentView.swift; sourceTree = "<group>"; };
		EF80FB8625901DCE00825E1E /* Assets.xcassets */ = {isa = PBXFileReference; lastKnownFileType = folder.assetcatalog; path = Assets.xcassets; sourceTree = "<group>"; };
		EF80FB8B25901DCE00825E1E /* Parrot.app */ = {isa = PBXFileReference; explicitFileType = wrapper.application; includeInIndex = 0; path = Parrot.app; sourceTree = BUILT_PRODUCTS_DIR; };
		EF80FB8E25901DCE00825E1E /* Info.plist */ = {isa = PBXFileReference; lastKnownFileType = text.plist.xml; path = Info.plist; sourceTree = "<group>"; };
		EF80FB9325901DCE00825E1E /* Parrot.app */ = {isa = PBXFileReference; explicitFileType = wrapper.application; includeInIndex = 0; path = Parrot.app; sourceTree = BUILT_PRODUCTS_DIR; };
		EF80FB9525901DCE00825E1E /* Info.plist */ = {isa = PBXFileReference; lastKnownFileType = text.plist.xml; path = Info.plist; sourceTree = "<group>"; };
		EF80FB9625901DCE00825E1E /* macOS.entitlements */ = {isa = PBXFileReference; lastKnownFileType = text.plist.entitlements; path = macOS.entitlements; sourceTree = "<group>"; };
/* End PBXFileReference section */

/* Begin PBXFrameworksBuildPhase section */
		EF80FB8825901DCE00825E1E /* Frameworks */ = {
			isa = PBXFrameworksBuildPhase;
			buildActionMask = 2147483647;
			files = (
			);
			runOnlyForDeploymentPostprocessing = 0;
		};
		EF80FB9025901DCE00825E1E /* Frameworks */ = {
			isa = PBXFrameworksBuildPhase;
			buildActionMask = 2147483647;
			files = (
			);
			runOnlyForDeploymentPostprocessing = 0;
		};
/* End PBXFrameworksBuildPhase section */

/* Begin PBXGroup section */
		EF80FB7E25901DCC00825E1E = {
			isa = PBXGroup;
			children = (
				EF80FB8325901DCC00825E1E /* Shared */,
				EF80FB8D25901DCE00825E1E /* iOS */,
				EF80FB9425901DCE00825E1E /* macOS */,
				EF80FB8C25901DCE00825E1E /* Products */,
			);
			sourceTree = "<group>";
		};
		EF80FB8325901DCC00825E1E /* Shared */ = {
			isa = PBXGroup;
			children = (
				EF80FB8425901DCC00825E1E /* ParrotApp.swift */,
				EF80FB8525901DCC00825E1E /* ContentView.swift */,
				EF628A8725918DAE001665A3 /* NewView.swift */,
				EF80FB8625901DCE00825E1E /* Assets.xcassets */,
			);
			path = Shared;
			sourceTree = "<group>";
		};
		EF80FB8C25901DCE00825E1E /* Products */ = {
			isa = PBXGroup;
			children = (
				EF80FB8B25901DCE00825E1E /* Parrot.app */,
				EF80FB9325901DCE00825E1E /* Parrot.app */,
			);
			name = Products;
			sourceTree = "<group>";
		};
		EF80FB8D25901DCE00825E1E /* iOS */ = {
			isa = PBXGroup;
			children = (
				EF80FB8E25901DCE00825E1E /* Info.plist */,
			);
			path = iOS;
			sourceTree = "<group>";
		};
		EF80FB9425901DCE00825E1E /* macOS */ = {
			isa = PBXGroup;
			children = (
				EF80FB9525901DCE00825E1E /* Info.plist */,
				EF80FB9625901DCE00825E1E /* macOS.entitlements */,
			);
			path = macOS;
			sourceTree = "<group>";
		};
/* End PBXGroup section */

/* Begin PBXNativeTarget section */
		EF80FB8A25901DCE00825E1E /* Parrot (iOS) */ = {
			isa = PBXNativeTarget;
			buildConfigurationList = EF80FB9F25901DCE00825E1E /* Build configuration list for PBXNativeTarget "Parrot (iOS)" */;
			buildPhases = (
				EF80FB8725901DCE00825E1E /* Sources */,
				EF80FB8825901DCE00825E1E /* Frameworks */,
				EF80FB8925901DCE00825E1E /* Resources */,
			);
			buildRules = (
			);
			dependencies = (
			);
			name = "Parrot (iOS)";
			productName = "Parrot (iOS)";
			productReference = EF80FB8B25901DCE00825E1E /* Parrot.app */;
			productType = "com.apple.product-type.application";
		};
		EF80FB9225901DCE00825E1E /* Parrot (macOS) */ = {
			isa = PBXNativeTarget;
			buildConfigurationList = EF80FBA225901DCE00825E1E /* Build configuration list for PBXNativeTarget "Parrot (macOS)" */;
			buildPhases = (
				EF80FB8F25901DCE00825E1E /* Sources */,
				EF80FB9025901DCE00825E1E /* Frameworks */,
				EF80FB9125901DCE00825E1E /* Resources */,
			);
			buildRules = (
			);
			dependencies = (
			);
			name = "Parrot (macOS)";
			productName = "Parrot (macOS)";
			productReference = EF80FB9325901DCE00825E1E /* Parrot.app */;
			productType = "com.apple.product-type.application";
		};
/* End PBXNativeTarget section */

/* Begin PBXProject section */
		EF80FB7F25901DCC00825E1E /* Project object */ = {
			isa = PBXProject;
			attributes = {
				LastSwiftUpdateCheck = 1230;
				LastUpgradeCheck = 1230;
				TargetAttributes = {
					EF80FB8A25901DCE00825E1E = {
						CreatedOnToolsVersion = 12.3;
					};
					EF80FB9225901DCE00825E1E = {
						CreatedOnToolsVersion = 12.3;
					};
				};
			};
			buildConfigurationList = EF80FB8225901DCC00825E1E /* Build configuration list for PBXProject "Parrot" */;
			compatibilityVersion = "Xcode 9.3";
			developmentRegion = en;
			hasScannedForEncodings = 0;
			knownRegions = (
				en,
				Base,
			);
			mainGroup = EF80FB7E25901DCC00825E1E;
			productRefGroup = EF80FB8C25901DCE00825E1E /* Products */;
			projectDirPath = "";
			projectRoot = "";
			targets = (
				EF80FB8A25901DCE00825E1E /* Parrot (iOS) */,
				EF80FB9225901DCE00825E1E /* Parrot (macOS) */,
			);
		};
/* End PBXProject section */

/* Begin PBXResourcesBuildPhase section */
		EF80FB8925901DCE00825E1E /* Resources */ = {
			isa = PBXResourcesBuildPhase;
			buildActionMask = 2147483647;
			files = (
				EF80FB9B25901DCE00825E1E /* Assets.xcassets in Resources */,
			);
			runOnlyForDeploymentPostprocessing = 0;
		};
		EF80FB9125901DCE00825E1E /* Resources */ = {
			isa = PBXResourcesBuildPhase;
			buildActionMask = 2147483647;
			files = (
				EF80FB9C25901DCE00825E1E /* Assets.xcassets in Resources */,
			);
			runOnlyForDeploymentPostprocessing = 0;
		};
/* End PBXResourcesBuildPhase section */

/* Begin PBXSourcesBuildPhase section */
		EF80FB8725901DCE00825E1E /* Sources */ = {
			isa = PBXSourcesBuildPhase;
			buildActionMask = 2147483647;
			files = (
				EF628A8825918DAE001665A3 /* NewView.swift in Sources */,
				EF80FB9925901DCE00825E1E /* ContentView.swift in Sources */,
				EF80FB9725901DCE00825E1E /* ParrotApp.swift in Sources */,
			);
			runOnlyForDeploymentPostprocessing = 0;
		};
		EF80FB8F25901DCE00825E1E /* Sources */ = {
			isa = PBXSourcesBuildPhase;
			buildActionMask = 2147483647;
			files = (
				EF628A8925918DAE001665A3 /* NewView.swift in Sources */,
				EF80FB9A25901DCE00825E1E /* ContentView.swift in Sources */,
				EF80FB9825901DCE00825E1E /* ParrotApp.swift in Sources */,
			);
			runOnlyForDeploymentPostprocessing = 0;
		};
/* End PBXSourcesBuildPhase section */

/* Begin XCBuildConfiguration section */
		EF80FB9D25901DCE00825E1E /* Debug */ = {
			isa = XCBuildConfiguration;
			buildSettings = {
				ALWAYS_SEARCH_USER_PATHS = NO;
				CLANG_ANALYZER_NONNULL = YES;
				CLANG_ANALYZER_NUMBER_OBJECT_CONVERSION = YES_AGGRESSIVE;
				CLANG_CXX_LANGUAGE_STANDARD = "gnu++14";
				CLANG_CXX_LIBRARY = "libc++";
				CLANG_ENABLE_MODULES = YES;
				CLANG_ENABLE_OBJC_ARC = YES;
				CLANG_ENABLE_OBJC_WEAK = YES;
				CLANG_WARN_BLOCK_CAPTURE_AUTORELEASING = YES;
				CLANG_WARN_BOOL_CONVERSION = YES;
				CLANG_WARN_COMMA = YES;
				CLANG_WARN_CONSTANT_CONVERSION = YES;
				CLANG_WARN_DEPRECATED_OBJC_IMPLEMENTATIONS = YES;
				CLANG_WARN_DIRECT_OBJC_ISA_USAGE = YES_ERROR;
				CLANG_WARN_DOCUMENTATION_COMMENTS = YES;
				CLANG_WARN_EMPTY_BODY = YES;
				CLANG_WARN_ENUM_CONVERSION = YES;
				CLANG_WARN_INFINITE_RECURSION = YES;
				CLANG_WARN_INT_CONVERSION = YES;
				CLANG_WARN_NON_LITERAL_NULL_CONVERSION = YES;
				CLANG_WARN_OBJC_IMPLICIT_RETAIN_SELF = YES;
				CLANG_WARN_OBJC_LITERAL_CONVERSION = YES;
				CLANG_WARN_OBJC_ROOT_CLASS = YES_ERROR;
				CLANG_WARN_QUOTED_INCLUDE_IN_FRAMEWORK_HEADER = YES;
				CLANG_WARN_RANGE_LOOP_ANALYSIS = YES;
				CLANG_WARN_STRICT_PROTOTYPES = YES;
				CLANG_WARN_SUSPICIOUS_MOVE = YES;
				CLANG_WARN_UNGUARDED_AVAILABILITY = YES_AGGRESSIVE;
				CLANG_WARN_UNREACHABLE_CODE = YES;
				CLANG_WARN__DUPLICATE_METHOD_MATCH = YES;
				COPY_PHASE_STRIP = NO;
				DEBUG_INFORMATION_FORMAT = dwarf;
				ENABLE_STRICT_OBJC_MSGSEND = YES;
				ENABLE_TESTABILITY = YES;
				GCC_C_LANGUAGE_STANDARD = gnu11;
				GCC_DYNAMIC_NO_PIC = NO;
				GCC_NO_COMMON_BLOCKS = YES;
				GCC_OPTIMIZATION_LEVEL = 0;
				GCC_PREPROCESSOR_DEFINITIONS = (
					"DEBUG=1",
					"$(inherited)",
				);
				GCC_WARN_64_TO_32_BIT_CONVERSION = YES;
				GCC_WARN_ABOUT_RETURN_TYPE = YES_ERROR;
				GCC_WARN_UNDECLARED_SELECTOR = YES;
				GCC_WARN_UNINITIALIZED_AUTOS = YES_AGGRESSIVE;
				GCC_WARN_UNUSED_FUNCTION = YES;
				GCC_WARN_UNUSED_VARIABLE = YES;
				MTL_ENABLE_DEBUG_INFO = INCLUDE_SOURCE;
				MTL_FAST_MATH = YES;
				ONLY_ACTIVE_ARCH = YES;
				SWIFT_ACTIVE_COMPILATION_CONDITIONS = DEBUG;
				SWIFT_OPTIMIZATION_LEVEL = "-Onone";
			};
			name = Debug;
		};
		EF80FB9E25901DCE00825E1E /* Release */ = {
			isa = XCBuildConfiguration;
			buildSettings = {
				ALWAYS_SEARCH_USER_PATHS = NO;
				CLANG_ANALYZER_NONNULL = YES;
				CLANG_ANALYZER_NUMBER_OBJECT_CONVERSION = YES_AGGRESSIVE;
				CLANG_CXX_LANGUAGE_STANDARD = "gnu++14";
				CLANG_CXX_LIBRARY = "libc++";
				CLANG_ENABLE_MODULES = YES;
				CLANG_ENABLE_OBJC_ARC = YES;
				CLANG_ENABLE_OBJC_WEAK = YES;
				CLANG_WARN_BLOCK_CAPTURE_AUTORELEASING = YES;
				CLANG_WARN_BOOL_CONVERSION = YES;
				CLANG_WARN_COMMA = YES;
				CLANG_WARN_CONSTANT_CONVERSION = YES;
				CLANG_WARN_DEPRECATED_OBJC_IMPLEMENTATIONS = YES;
				CLANG_WARN_DIRECT_OBJC_ISA_USAGE = YES_ERROR;
				CLANG_WARN_DOCUMENTATION_COMMENTS = YES;
				CLANG_WARN_EMPTY_BODY = YES;
				CLANG_WARN_ENUM_CONVERSION = YES;
				CLANG_WARN_INFINITE_RECURSION = YES;
				CLANG_WARN_INT_CONVERSION = YES;
				CLANG_WARN_NON_LITERAL_NULL_CONVERSION = YES;
				CLANG_WARN_OBJC_IMPLICIT_RETAIN_SELF = YES;
				CLANG_WARN_OBJC_LITERAL_CONVERSION = YES;
				CLANG_WARN_OBJC_ROOT_CLASS = YES_ERROR;
				CLANG_WARN_QUOTED_INCLUDE_IN_FRAMEWORK_HEADER = YES;
				CLANG_WARN_RANGE_LOOP_ANALYSIS = YES;
				CLANG_WARN_STRICT_PROTOTYPES = YES;
				CLANG_WARN_SUSPICIOUS_MOVE = YES;
				CLANG_WARN_UNGUARDED_AVAILABILITY = YES_AGGRESSIVE;
				CLANG_WARN_UNREACHABLE_CODE = YES;
				CLANG_WARN__DUPLICATE_METHOD_MATCH = YES;
				COPY_PHASE_STRIP = NO;
				DEBUG_INFORMATION_FORMAT = "dwarf-with-dsym";
				ENABLE_NS_ASSERTIONS = NO;
				ENABLE_STRICT_OBJC_MSGSEND = YES;
				GCC_C_LANGUAGE_STANDARD = gnu11;
				GCC_NO_COMMON_BLOCKS = YES;
				GCC_WARN_64_TO_32_BIT_CONVERSION = YES;
				GCC_WARN_ABOUT_RETURN_TYPE = YES_ERROR;
				GCC_WARN_UNDECLARED_SELECTOR = YES;
				GCC_WARN_UNINITIALIZED_AUTOS = YES_AGGRESSIVE;
				GCC_WARN_UNUSED_FUNCTION = YES;
				GCC_WARN_UNUSED_VARIABLE = YES;
				MTL_ENABLE_DEBUG_INFO = NO;
				MTL_FAST_MATH = YES;
				SWIFT_COMPILATION_MODE = wholemodule;
				SWIFT_OPTIMIZATION_LEVEL = "-O";
			};
			name = Release;
		};
		EF80FBA025901DCE00825E1E /* Debug */ = {
			isa = XCBuildConfiguration;
			buildSettings = {
				ASSETCATALOG_COMPILER_APPICON_NAME = AppIcon;
				ASSETCATALOG_COMPILER_GLOBAL_ACCENT_COLOR_NAME = AccentColor;
				CODE_SIGN_STYLE = Automatic;
				ENABLE_PREVIEWS = YES;
				INFOPLIST_FILE = iOS/Info.plist;
				IPHONEOS_DEPLOYMENT_TARGET = 14.0;
				LD_RUNPATH_SEARCH_PATHS = (
					"$(inherited)",
					"@executable_path/Frameworks",
				);
				PRODUCT_BUNDLE_IDENTIFIER = Chickpea.Parrot;
				PRODUCT_NAME = Parrot;
				SDKROOT = iphoneos;
				SWIFT_VERSION = 5.0;
				TARGETED_DEVICE_FAMILY = "1,2";
			};
			name = Debug;
		};
		EF80FBA125901DCE00825E1E /* Release */ = {
			isa = XCBuildConfiguration;
			buildSettings = {
				ASSETCATALOG_COMPILER_APPICON_NAME = AppIcon;
				ASSETCATALOG_COMPILER_GLOBAL_ACCENT_COLOR_NAME = AccentColor;
				CODE_SIGN_STYLE = Automatic;
				ENABLE_PREVIEWS = YES;
				INFOPLIST_FILE = iOS/Info.plist;
				IPHONEOS_DEPLOYMENT_TARGET = 14.0;
				LD_RUNPATH_SEARCH_PATHS = (
					"$(inherited)",
					"@executable_path/Frameworks",
				);
				PRODUCT_BUNDLE_IDENTIFIER = Chickpea.Parrot;
				PRODUCT_NAME = Parrot;
				SDKROOT = iphoneos;
				SWIFT_VERSION = 5.0;
				TARGETED_DEVICE_FAMILY = "1,2";
				VALIDATE_PRODUCT = YES;
			};
			name = Release;
		};
		EF80FBA325901DCE00825E1E /* Debug */ = {
			isa = XCBuildConfiguration;
			buildSettings = {
				ASSETCATALOG_COMPILER_APPICON_NAME = AppIcon;
				ASSETCATALOG_COMPILER_GLOBAL_ACCENT_COLOR_NAME = AccentColor;
				CODE_SIGN_ENTITLEMENTS = macOS/macOS.entitlements;
				CODE_SIGN_STYLE = Automatic;
				COMBINE_HIDPI_IMAGES = YES;
				ENABLE_PREVIEWS = YES;
				INFOPLIST_FILE = macOS/Info.plist;
				LD_RUNPATH_SEARCH_PATHS = (
					"$(inherited)",
					"@executable_path/../Frameworks",
				);
				MACOSX_DEPLOYMENT_TARGET = 11.0;
				PRODUCT_BUNDLE_IDENTIFIER = Chickpea.Parrot;
				PRODUCT_NAME = Parrot;
				SDKROOT = macosx;
				SWIFT_VERSION = 5.0;
			};
			name = Debug;
		};
		EF80FBA425901DCE00825E1E /* Release */ = {
			isa = XCBuildConfiguration;
			buildSettings = {
				ASSETCATALOG_COMPILER_APPICON_NAME = AppIcon;
				ASSETCATALOG_COMPILER_GLOBAL_ACCENT_COLOR_NAME = AccentColor;
				CODE_SIGN_ENTITLEMENTS = macOS/macOS.entitlements;
				CODE_SIGN_STYLE = Automatic;
				COMBINE_HIDPI_IMAGES = YES;
				ENABLE_PREVIEWS = YES;
				INFOPLIST_FILE = macOS/Info.plist;
				LD_RUNPATH_SEARCH_PATHS = (
					"$(inherited)",
					"@executable_path/../Frameworks",
				);
				MACOSX_DEPLOYMENT_TARGET = 11.0;
				PRODUCT_BUNDLE_IDENTIFIER = Chickpea.Parrot;
				PRODUCT_NAME = Parrot;
				SDKROOT = macosx;
				SWIFT_VERSION = 5.0;
			};
			name = Release;
		};
/* End XCBuildConfiguration section */

/* Begin XCConfigurationList section */
		EF80FB8225901DCC00825E1E /* Build configuration list for PBXProject "Parrot" */ = {
			isa = XCConfigurationList;
			buildConfigurations = (
				EF80FB9D25901DCE00825E1E /* Debug */,
				EF80FB9E25901DCE00825E1E /* Release */,
			);
			defaultConfigurationIsVisible = 0;
			defaultConfigurationName = Release;
		};
		EF80FB9F25901DCE00825E1E /* Build configuration list for PBXNativeTarget "Parrot (iOS)" */ = {
			isa = XCConfigurationList;
			buildConfigurations = (
				EF80FBA025901DCE00825E1E /* Debug */,
				EF80FBA125901DCE00825E1E /* Release */,
			);
			defaultConfigurationIsVisible = 0;
			defaultConfigurationName = Release;
		};
		EF80FBA225901DCE00825E1E /* Build configuration list for PBXNativeTarget "Parrot (macOS)" */ = {
			isa = XCConfigurationList;
			buildConfigurations = (
				EF80FBA325901DCE00825E1E /* Debug */,
				EF80FBA425901DCE00825E1E /* Release */,
			);
			defaultConfigurationIsVisible = 0;
			defaultConfigurationName = Release;
		};
/* End XCConfigurationList section */
	};
	rootObject = EF80FB7F25901DCC00825E1E /* Project object */;
}
