// !$*UTF8*$!
{
	archiveVersion = 1;
	classes = {
	};
	objectVersion = 50;
	objects = {

/* Begin PBXBuildFile section */
		EFA0E07825952566003A2306 /* ManagerApp.swift in Sources */ = {isa = PBXBuildFile; fileRef = EFA0E06525952563003A2306 /* ManagerApp.swift */; };
		EFA0E07925952566003A2306 /* ManagerApp.swift in Sources */ = {isa = PBXBuildFile; fileRef = EFA0E06525952563003A2306 /* ManagerApp.swift */; };
		EFA0E07A25952566003A2306 /* ContentView.swift in Sources */ = {isa = PBXBuildFile; fileRef = EFA0E06625952563003A2306 /* ContentView.swift */; };
		EFA0E07B25952566003A2306 /* ContentView.swift in Sources */ = {isa = PBXBuildFile; fileRef = EFA0E06625952563003A2306 /* ContentView.swift */; };
		EFA0E07C25952566003A2306 /* Assets.xcassets in Resources */ = {isa = PBXBuildFile; fileRef = EFA0E06725952566003A2306 /* Assets.xcassets */; };
		EFA0E07D25952566003A2306 /* Assets.xcassets in Resources */ = {isa = PBXBuildFile; fileRef = EFA0E06725952566003A2306 /* Assets.xcassets */; };
		EFA0E089259529C1003A2306 /* Book.swift in Sources */ = {isa = PBXBuildFile; fileRef = EFA0E088259529C1003A2306 /* Book.swift */; };
		EFA0E08A259529C1003A2306 /* Book.swift in Sources */ = {isa = PBXBuildFile; fileRef = EFA0E088259529C1003A2306 /* Book.swift */; };
		EFA0E08F25952CAD003A2306 /* BookView.swift in Sources */ = {isa = PBXBuildFile; fileRef = EFA0E08E25952CAD003A2306 /* BookView.swift */; };
		EFA0E09025952CAD003A2306 /* BookView.swift in Sources */ = {isa = PBXBuildFile; fileRef = EFA0E08E25952CAD003A2306 /* BookView.swift */; };
		EFA0E0942595372E003A2306 /* DetailedView.swift in Sources */ = {isa = PBXBuildFile; fileRef = EFA0E0932595372E003A2306 /* DetailedView.swift */; };
		EFA0E0952595372E003A2306 /* DetailedView.swift in Sources */ = {isa = PBXBuildFile; fileRef = EFA0E0932595372E003A2306 /* DetailedView.swift */; };
/* End PBXBuildFile section */

/* Begin PBXFileReference section */
		EFA0E06525952563003A2306 /* ManagerApp.swift */ = {isa = PBXFileReference; lastKnownFileType = sourcecode.swift; path = ManagerApp.swift; sourceTree = "<group>"; };
		EFA0E06625952563003A2306 /* ContentView.swift */ = {isa = PBXFileReference; lastKnownFileType = sourcecode.swift; path = ContentView.swift; sourceTree = "<group>"; };
		EFA0E06725952566003A2306 /* Assets.xcassets */ = {isa = PBXFileReference; lastKnownFileType = folder.assetcatalog; path = Assets.xcassets; sourceTree = "<group>"; };
		EFA0E06C25952566003A2306 /* Manager.app */ = {isa = PBXFileReference; explicitFileType = wrapper.application; includeInIndex = 0; path = Manager.app; sourceTree = BUILT_PRODUCTS_DIR; };
		EFA0E06F25952566003A2306 /* Info.plist */ = {isa = PBXFileReference; lastKnownFileType = text.plist.xml; path = Info.plist; sourceTree = "<group>"; };
		EFA0E07425952566003A2306 /* Manager.app */ = {isa = PBXFileReference; explicitFileType = wrapper.application; includeInIndex = 0; path = Manager.app; sourceTree = BUILT_PRODUCTS_DIR; };
		EFA0E07625952566003A2306 /* Info.plist */ = {isa = PBXFileReference; lastKnownFileType = text.plist.xml; path = Info.plist; sourceTree = "<group>"; };
		EFA0E07725952566003A2306 /* macOS.entitlements */ = {isa = PBXFileReference; lastKnownFileType = text.plist.entitlements; path = macOS.entitlements; sourceTree = "<group>"; };
		EFA0E088259529C1003A2306 /* Book.swift */ = {isa = PBXFileReference; lastKnownFileType = sourcecode.swift; path = Book.swift; sourceTree = "<group>"; };
		EFA0E08E25952CAD003A2306 /* BookView.swift */ = {isa = PBXFileReference; lastKnownFileType = sourcecode.swift; path = BookView.swift; sourceTree = "<group>"; };
		EFA0E0932595372E003A2306 /* DetailedView.swift */ = {isa = PBXFileReference; lastKnownFileType = sourcecode.swift; path = DetailedView.swift; sourceTree = "<group>"; };
/* End PBXFileReference section */

/* Begin PBXFrameworksBuildPhase section */
		EFA0E06925952566003A2306 /* Frameworks */ = {
			isa = PBXFrameworksBuildPhase;
			buildActionMask = 2147483647;
			files = (
			);
			runOnlyForDeploymentPostprocessing = 0;
		};
		EFA0E07125952566003A2306 /* Frameworks */ = {
			isa = PBXFrameworksBuildPhase;
			buildActionMask = 2147483647;
			files = (
			);
			runOnlyForDeploymentPostprocessing = 0;
		};
/* End PBXFrameworksBuildPhase section */

/* Begin PBXGroup section */
		EFA0E05F25952563003A2306 = {
			isa = PBXGroup;
			children = (
				EFA0E06425952563003A2306 /* Shared */,
				EFA0E06E25952566003A2306 /* iOS */,
				EFA0E07525952566003A2306 /* macOS */,
				EFA0E06D25952566003A2306 /* Products */,
			);
			sourceTree = "<group>";
		};
		EFA0E06425952563003A2306 /* Shared */ = {
			isa = PBXGroup;
			children = (
				EFA0E06525952563003A2306 /* ManagerApp.swift */,
				EFA0E08D25952C9B003A2306 /* Views */,
				EFA0E088259529C1003A2306 /* Book.swift */,
				EFA0E06725952566003A2306 /* Assets.xcassets */,
			);
			path = Shared;
			sourceTree = "<group>";
		};
		EFA0E06D25952566003A2306 /* Products */ = {
			isa = PBXGroup;
			children = (
				EFA0E06C25952566003A2306 /* Manager.app */,
				EFA0E07425952566003A2306 /* Manager.app */,
			);
			name = Products;
			sourceTree = "<group>";
		};
		EFA0E06E25952566003A2306 /* iOS */ = {
			isa = PBXGroup;
			children = (
				EFA0E06F25952566003A2306 /* Info.plist */,
			);
			path = iOS;
			sourceTree = "<group>";
		};
		EFA0E07525952566003A2306 /* macOS */ = {
			isa = PBXGroup;
			children = (
				EFA0E07625952566003A2306 /* Info.plist */,
				EFA0E07725952566003A2306 /* macOS.entitlements */,
			);
			path = macOS;
			sourceTree = "<group>";
		};
		EFA0E08D25952C9B003A2306 /* Views */ = {
			isa = PBXGroup;
			children = (
				EFA0E06625952563003A2306 /* ContentView.swift */,
				EFA0E08E25952CAD003A2306 /* BookView.swift */,
				EFA0E0932595372E003A2306 /* DetailedView.swift */,
			);
			path = Views;
			sourceTree = "<group>";
		};
/* End PBXGroup section */

/* Begin PBXNativeTarget section */
		EFA0E06B25952566003A2306 /* Manager (iOS) */ = {
			isa = PBXNativeTarget;
			buildConfigurationList = EFA0E08025952566003A2306 /* Build configuration list for PBXNativeTarget "Manager (iOS)" */;
			buildPhases = (
				EFA0E06825952566003A2306 /* Sources */,
				EFA0E06925952566003A2306 /* Frameworks */,
				EFA0E06A25952566003A2306 /* Resources */,
			);
			buildRules = (
			);
			dependencies = (
			);
			name = "Manager (iOS)";
			productName = "Manager (iOS)";
			productReference = EFA0E06C25952566003A2306 /* Manager.app */;
			productType = "com.apple.product-type.application";
		};
		EFA0E07325952566003A2306 /* Manager (macOS) */ = {
			isa = PBXNativeTarget;
			buildConfigurationList = EFA0E08325952566003A2306 /* Build configuration list for PBXNativeTarget "Manager (macOS)" */;
			buildPhases = (
				EFA0E07025952566003A2306 /* Sources */,
				EFA0E07125952566003A2306 /* Frameworks */,
				EFA0E07225952566003A2306 /* Resources */,
			);
			buildRules = (
			);
			dependencies = (
			);
			name = "Manager (macOS)";
			productName = "Manager (macOS)";
			productReference = EFA0E07425952566003A2306 /* Manager.app */;
			productType = "com.apple.product-type.application";
		};
/* End PBXNativeTarget section */

/* Begin PBXProject section */
		EFA0E06025952563003A2306 /* Project object */ = {
			isa = PBXProject;
			attributes = {
				LastSwiftUpdateCheck = 1230;
				LastUpgradeCheck = 1230;
				TargetAttributes = {
					EFA0E06B25952566003A2306 = {
						CreatedOnToolsVersion = 12.3;
					};
					EFA0E07325952566003A2306 = {
						CreatedOnToolsVersion = 12.3;
					};
				};
			};
			buildConfigurationList = EFA0E06325952563003A2306 /* Build configuration list for PBXProject "Manager" */;
			compatibilityVersion = "Xcode 9.3";
			developmentRegion = en;
			hasScannedForEncodings = 0;
			knownRegions = (
				en,
				Base,
			);
			mainGroup = EFA0E05F25952563003A2306;
			productRefGroup = EFA0E06D25952566003A2306 /* Products */;
			projectDirPath = "";
			projectRoot = "";
			targets = (
				EFA0E06B25952566003A2306 /* Manager (iOS) */,
				EFA0E07325952566003A2306 /* Manager (macOS) */,
			);
		};
/* End PBXProject section */

/* Begin PBXResourcesBuildPhase section */
		EFA0E06A25952566003A2306 /* Resources */ = {
			isa = PBXResourcesBuildPhase;
			buildActionMask = 2147483647;
			files = (
				EFA0E07C25952566003A2306 /* Assets.xcassets in Resources */,
			);
			runOnlyForDeploymentPostprocessing = 0;
		};
		EFA0E07225952566003A2306 /* Resources */ = {
			isa = PBXResourcesBuildPhase;
			buildActionMask = 2147483647;
			files = (
				EFA0E07D25952566003A2306 /* Assets.xcassets in Resources */,
			);
			runOnlyForDeploymentPostprocessing = 0;
		};
/* End PBXResourcesBuildPhase section */

/* Begin PBXSourcesBuildPhase section */
		EFA0E06825952566003A2306 /* Sources */ = {
			isa = PBXSourcesBuildPhase;
			buildActionMask = 2147483647;
			files = (
				EFA0E07A25952566003A2306 /* ContentView.swift in Sources */,
				EFA0E07825952566003A2306 /* ManagerApp.swift in Sources */,
				EFA0E0942595372E003A2306 /* DetailedView.swift in Sources */,
				EFA0E089259529C1003A2306 /* Book.swift in Sources */,
				EFA0E08F25952CAD003A2306 /* BookView.swift in Sources */,
			);
			runOnlyForDeploymentPostprocessing = 0;
		};
		EFA0E07025952566003A2306 /* Sources */ = {
			isa = PBXSourcesBuildPhase;
			buildActionMask = 2147483647;
			files = (
				EFA0E07B25952566003A2306 /* ContentView.swift in Sources */,
				EFA0E07925952566003A2306 /* ManagerApp.swift in Sources */,
				EFA0E0952595372E003A2306 /* DetailedView.swift in Sources */,
				EFA0E08A259529C1003A2306 /* Book.swift in Sources */,
				EFA0E09025952CAD003A2306 /* BookView.swift in Sources */,
			);
			runOnlyForDeploymentPostprocessing = 0;
		};
/* End PBXSourcesBuildPhase section */

/* Begin XCBuildConfiguration section */
		EFA0E07E25952566003A2306 /* Debug */ = {
			isa = XCBuildConfiguration;
			buildSettings = {
				ALWAYS_SEARCH_USER_PATHS = NO;
				CLANG_ANALYZER_NONNULL = YES;
				CLANG_ANALYZER_NUMBER_OBJECT_CONVERSION = YES_AGGRESSIVE;
				CLANG_CXX_LANGUAGE_STANDARD = "gnu++14";
				CLANG_CXX_LIBRARY = "libc++";
				CLANG_ENABLE_MODULES = YES;
				CLANG_ENABLE_OBJC_ARC = YES;
				CLANG_ENABLE_OBJC_WEAK = YES;
				CLANG_WARN_BLOCK_CAPTURE_AUTORELEASING = YES;
				CLANG_WARN_BOOL_CONVERSION = YES;
				CLANG_WARN_COMMA = YES;
				CLANG_WARN_CONSTANT_CONVERSION = YES;
				CLANG_WARN_DEPRECATED_OBJC_IMPLEMENTATIONS = YES;
				CLANG_WARN_DIRECT_OBJC_ISA_USAGE = YES_ERROR;
				CLANG_WARN_DOCUMENTATION_COMMENTS = YES;
				CLANG_WARN_EMPTY_BODY = YES;
				CLANG_WARN_ENUM_CONVERSION = YES;
				CLANG_WARN_INFINITE_RECURSION = YES;
				CLANG_WARN_INT_CONVERSION = YES;
				CLANG_WARN_NON_LITERAL_NULL_CONVERSION = YES;
				CLANG_WARN_OBJC_IMPLICIT_RETAIN_SELF = YES;
				CLANG_WARN_OBJC_LITERAL_CONVERSION = YES;
				CLANG_WARN_OBJC_ROOT_CLASS = YES_ERROR;
				CLANG_WARN_QUOTED_INCLUDE_IN_FRAMEWORK_HEADER = YES;
				CLANG_WARN_RANGE_LOOP_ANALYSIS = YES;
				CLANG_WARN_STRICT_PROTOTYPES = YES;
				CLANG_WARN_SUSPICIOUS_MOVE = YES;
				CLANG_WARN_UNGUARDED_AVAILABILITY = YES_AGGRESSIVE;
				CLANG_WARN_UNREACHABLE_CODE = YES;
				CLANG_WARN__DUPLICATE_METHOD_MATCH = YES;
				COPY_PHASE_STRIP = NO;
				DEBUG_INFORMATION_FORMAT = dwarf;
				ENABLE_STRICT_OBJC_MSGSEND = YES;
				ENABLE_TESTABILITY = YES;
				GCC_C_LANGUAGE_STANDARD = gnu11;
				GCC_DYNAMIC_NO_PIC = NO;
				GCC_NO_COMMON_BLOCKS = YES;
				GCC_OPTIMIZATION_LEVEL = 0;
				GCC_PREPROCESSOR_DEFINITIONS = (
					"DEBUG=1",
					"$(inherited)",
				);
				GCC_WARN_64_TO_32_BIT_CONVERSION = YES;
				GCC_WARN_ABOUT_RETURN_TYPE = YES_ERROR;
				GCC_WARN_UNDECLARED_SELECTOR = YES;
				GCC_WARN_UNINITIALIZED_AUTOS = YES_AGGRESSIVE;
				GCC_WARN_UNUSED_FUNCTION = YES;
				GCC_WARN_UNUSED_VARIABLE = YES;
				MTL_ENABLE_DEBUG_INFO = INCLUDE_SOURCE;
				MTL_FAST_MATH = YES;
				ONLY_ACTIVE_ARCH = YES;
				SWIFT_ACTIVE_COMPILATION_CONDITIONS = DEBUG;
				SWIFT_OPTIMIZATION_LEVEL = "-Onone";
			};
			name = Debug;
		};
		EFA0E07F25952566003A2306 /* Release */ = {
			isa = XCBuildConfiguration;
			buildSettings = {
				ALWAYS_SEARCH_USER_PATHS = NO;
				CLANG_ANALYZER_NONNULL = YES;
				CLANG_ANALYZER_NUMBER_OBJECT_CONVERSION = YES_AGGRESSIVE;
				CLANG_CXX_LANGUAGE_STANDARD = "gnu++14";
				CLANG_CXX_LIBRARY = "libc++";
				CLANG_ENABLE_MODULES = YES;
				CLANG_ENABLE_OBJC_ARC = YES;
				CLANG_ENABLE_OBJC_WEAK = YES;
				CLANG_WARN_BLOCK_CAPTURE_AUTORELEASING = YES;
				CLANG_WARN_BOOL_CONVERSION = YES;
				CLANG_WARN_COMMA = YES;
				CLANG_WARN_CONSTANT_CONVERSION = YES;
				CLANG_WARN_DEPRECATED_OBJC_IMPLEMENTATIONS = YES;
				CLANG_WARN_DIRECT_OBJC_ISA_USAGE = YES_ERROR;
				CLANG_WARN_DOCUMENTATION_COMMENTS = YES;
				CLANG_WARN_EMPTY_BODY = YES;
				CLANG_WARN_ENUM_CONVERSION = YES;
				CLANG_WARN_INFINITE_RECURSION = YES;
				CLANG_WARN_INT_CONVERSION = YES;
				CLANG_WARN_NON_LITERAL_NULL_CONVERSION = YES;
				CLANG_WARN_OBJC_IMPLICIT_RETAIN_SELF = YES;
				CLANG_WARN_OBJC_LITERAL_CONVERSION = YES;
				CLANG_WARN_OBJC_ROOT_CLASS = YES_ERROR;
				CLANG_WARN_QUOTED_INCLUDE_IN_FRAMEWORK_HEADER = YES;
				CLANG_WARN_RANGE_LOOP_ANALYSIS = YES;
				CLANG_WARN_STRICT_PROTOTYPES = YES;
				CLANG_WARN_SUSPICIOUS_MOVE = YES;
				CLANG_WARN_UNGUARDED_AVAILABILITY = YES_AGGRESSIVE;
				CLANG_WARN_UNREACHABLE_CODE = YES;
				CLANG_WARN__DUPLICATE_METHOD_MATCH = YES;
				COPY_PHASE_STRIP = NO;
				DEBUG_INFORMATION_FORMAT = "dwarf-with-dsym";
				ENABLE_NS_ASSERTIONS = NO;
				ENABLE_STRICT_OBJC_MSGSEND = YES;
				GCC_C_LANGUAGE_STANDARD = gnu11;
				GCC_NO_COMMON_BLOCKS = YES;
				GCC_WARN_64_TO_32_BIT_CONVERSION = YES;
				GCC_WARN_ABOUT_RETURN_TYPE = YES_ERROR;
				GCC_WARN_UNDECLARED_SELECTOR = YES;
				GCC_WARN_UNINITIALIZED_AUTOS = YES_AGGRESSIVE;
				GCC_WARN_UNUSED_FUNCTION = YES;
				GCC_WARN_UNUSED_VARIABLE = YES;
				MTL_ENABLE_DEBUG_INFO = NO;
				MTL_FAST_MATH = YES;
				SWIFT_COMPILATION_MODE = wholemodule;
				SWIFT_OPTIMIZATION_LEVEL = "-O";
			};
			name = Release;
		};
		EFA0E08125952566003A2306 /* Debug */ = {
			isa = XCBuildConfiguration;
			buildSettings = {
				ASSETCATALOG_COMPILER_APPICON_NAME = AppIcon;
				ASSETCATALOG_COMPILER_GLOBAL_ACCENT_COLOR_NAME = AccentColor;
				CODE_SIGN_STYLE = Automatic;
				ENABLE_PREVIEWS = YES;
				INFOPLIST_FILE = iOS/Info.plist;
				IPHONEOS_DEPLOYMENT_TARGET = 14.0;
				LD_RUNPATH_SEARCH_PATHS = (
					"$(inherited)",
					"@executable_path/Frameworks",
				);
				PRODUCT_BUNDLE_IDENTIFIER = Chickpea.Manager;
				PRODUCT_NAME = Manager;
				SDKROOT = iphoneos;
				SWIFT_VERSION = 5.0;
				TARGETED_DEVICE_FAMILY = "1,2";
			};
			name = Debug;
		};
		EFA0E08225952566003A2306 /* Release */ = {
			isa = XCBuildConfiguration;
			buildSettings = {
				ASSETCATALOG_COMPILER_APPICON_NAME = AppIcon;
				ASSETCATALOG_COMPILER_GLOBAL_ACCENT_COLOR_NAME = AccentColor;
				CODE_SIGN_STYLE = Automatic;
				ENABLE_PREVIEWS = YES;
				INFOPLIST_FILE = iOS/Info.plist;
				IPHONEOS_DEPLOYMENT_TARGET = 14.0;
				LD_RUNPATH_SEARCH_PATHS = (
					"$(inherited)",
					"@executable_path/Frameworks",
				);
				PRODUCT_BUNDLE_IDENTIFIER = Chickpea.Manager;
				PRODUCT_NAME = Manager;
				SDKROOT = iphoneos;
				SWIFT_VERSION = 5.0;
				TARGETED_DEVICE_FAMILY = "1,2";
				VALIDATE_PRODUCT = YES;
			};
			name = Release;
		};
		EFA0E08425952566003A2306 /* Debug */ = {
			isa = XCBuildConfiguration;
			buildSettings = {
				ASSETCATALOG_COMPILER_APPICON_NAME = AppIcon;
				ASSETCATALOG_COMPILER_GLOBAL_ACCENT_COLOR_NAME = AccentColor;
				CODE_SIGN_ENTITLEMENTS = macOS/macOS.entitlements;
				CODE_SIGN_STYLE = Automatic;
				COMBINE_HIDPI_IMAGES = YES;
				ENABLE_PREVIEWS = YES;
				INFOPLIST_FILE = macOS/Info.plist;
				LD_RUNPATH_SEARCH_PATHS = (
					"$(inherited)",
					"@executable_path/../Frameworks",
				);
				MACOSX_DEPLOYMENT_TARGET = 11.0;
				PRODUCT_BUNDLE_IDENTIFIER = Chickpea.Manager;
				PRODUCT_NAME = Manager;
				SDKROOT = macosx;
				SWIFT_VERSION = 5.0;
			};
			name = Debug;
		};
		EFA0E08525952566003A2306 /* Release */ = {
			isa = XCBuildConfiguration;
			buildSettings = {
				ASSETCATALOG_COMPILER_APPICON_NAME = AppIcon;
				ASSETCATALOG_COMPILER_GLOBAL_ACCENT_COLOR_NAME = AccentColor;
				CODE_SIGN_ENTITLEMENTS = macOS/macOS.entitlements;
				CODE_SIGN_STYLE = Automatic;
				COMBINE_HIDPI_IMAGES = YES;
				ENABLE_PREVIEWS = YES;
				INFOPLIST_FILE = macOS/Info.plist;
				LD_RUNPATH_SEARCH_PATHS = (
					"$(inherited)",
					"@executable_path/../Frameworks",
				);
				MACOSX_DEPLOYMENT_TARGET = 11.0;
				PRODUCT_BUNDLE_IDENTIFIER = Chickpea.Manager;
				PRODUCT_NAME = Manager;
				SDKROOT = macosx;
				SWIFT_VERSION = 5.0;
			};
			name = Release;
		};
/* End XCBuildConfiguration section */

/* Begin XCConfigurationList section */
		EFA0E06325952563003A2306 /* Build configuration list for PBXProject "Manager" */ = {
			isa = XCConfigurationList;
			buildConfigurations = (
				EFA0E07E25952566003A2306 /* Debug */,
				EFA0E07F25952566003A2306 /* Release */,
			);
			defaultConfigurationIsVisible = 0;
			defaultConfigurationName = Release;
		};
		EFA0E08025952566003A2306 /* Build configuration list for PBXNativeTarget "Manager (iOS)" */ = {
			isa = XCConfigurationList;
			buildConfigurations = (
				EFA0E08125952566003A2306 /* Debug */,
				EFA0E08225952566003A2306 /* Release */,
			);
			defaultConfigurationIsVisible = 0;
			defaultConfigurationName = Release;
		};
		EFA0E08325952566003A2306 /* Build configuration list for PBXNativeTarget "Manager (macOS)" */ = {
			isa = XCConfigurationList;
			buildConfigurations = (
				EFA0E08425952566003A2306 /* Debug */,
				EFA0E08525952566003A2306 /* Release */,
			);
			defaultConfigurationIsVisible = 0;
			defaultConfigurationName = Release;
		};
/* End XCConfigurationList section */
	};
	rootObject = EFA0E06025952563003A2306 /* Project object */;
}
